
Microsoft Visual Studio Solution File, Format Version 12.00
# Visual Studio Version 17
VisualStudioVersion = 17.12.35527.113 d17.12
MinimumVisualStudioVersion = 10.0.40219.1
Project("{FAE04EC0-301F-11D3-BF4B-00C04F79EFBC}") = "assgnment c#5", "ass c#5\assgnment c#5.csproj", "{9997BCC9-8AB9-4F41-9B69-7624B70A523D}"
EndProject
Global
	GlobalSection(SolutionConfigurationPlatforms) = preSolution
		Debug|Any CPU = Debug|Any CPU
		Release|Any CPU = Release|Any CPU
	EndGlobalSection
	GlobalSection(ProjectConfigurationPlatforms) = postSolution
		{9997BCC9-8AB9-4F41-9B69-7624B70A523D}.Debug|Any CPU.ActiveCfg = Debug|Any CPU
		{9997BCC9-8AB9-4F41-9B69-7624B70A523D}.Debug|Any CPU.Build.0 = Debug|Any CPU
		{9997BCC9-8AB9-4F41-9B69-7624B70A523D}.Release|Any CPU.ActiveCfg = Release|Any CPU
		{9997BCC9-8AB9-4F41-9B69-7624B70A523D}.Release|Any CPU.Build.0 = Release|Any CPU
	EndGlobalSection
	GlobalSection(SolutionProperties) = preSolution
		HideSolutionNode = FALSE
	EndGlobalSection
EndGlobal
